
Microsoft Visual Studio Solution File, Format Version 12.00
Project("{FAE04EC0-301F-11D3-BF4B-00C04F79EFBC}") = "Prog2WebApi", "Prog2WebApi\Prog2WebApi.csproj", "{9F7CDB47-F7F7-4DBE-9EE0-4BAE68529E3D}"
EndProject
Global
	GlobalSection(SolutionConfigurationPlatforms) = preSolution
		Debug|Any CPU = Debug|Any CPU
		Release|Any CPU = Release|Any CPU
	EndGlobalSection
	GlobalSection(ProjectConfigurationPlatforms) = postSolution
		{9F7CDB47-F7F7-4DBE-9EE0-4BAE68529E3D}.Debug|Any CPU.ActiveCfg = Debug|Any CPU
		{9F7CDB47-F7F7-4DBE-9EE0-4BAE68529E3D}.Debug|Any CPU.Build.0 = Debug|Any CPU
		{9F7CDB47-F7F7-4DBE-9EE0-4BAE68529E3D}.Release|Any CPU.ActiveCfg = Release|Any CPU
		{9F7CDB47-F7F7-4DBE-9EE0-4BAE68529E3D}.Release|Any CPU.Build.0 = Release|Any CPU
	EndGlobalSection
EndGlobal
